
Microsoft Visual Studio Solution File, Format Version 12.00
# Visual Studio Version 17
VisualStudioVersion = 17.14.36212.18
MinimumVisualStudioVersion = 10.0.40219.1
Project("{FAE04EC0-301F-11D3-BF4B-00C04F79EFBC}") = "StudentTrackerClient", "StudentTrackerClient\StudentTrackerClient.csproj", "{26421BA9-0F3E-44BD-AC98-443B1127B4C8}"
EndProject
Project("{FAE04EC0-301F-11D3-BF4B-00C04F79EFBC}") = "StudentTrackerLib", "StudentTrackerLib\StudentTrackerLib.csproj", "{1E4A1EC0-7C1A-4CE4-8D19-85290628464B}"
EndProject
Project("{FAE04EC0-301F-11D3-BF4B-00C04F79EFBC}") = "StudentTrackerServer", "StudentClientServer\StudentTrackerServer.csproj", "{04C8E638-53CB-46D8-92C5-9384A06EB158}"
EndProject
Project("{FAE04EC0-301F-11D3-BF4B-00C04F79EFBC}") = "StudentTrackerAdminClient", "StudentTrackerAdminClient\StudentTrackerAdminClient.csproj", "{43588A43-ABBC-4DD0-A3A5-F04325293218}"
EndProject
Global
	GlobalSection(SolutionConfigurationPlatforms) = preSolution
		Debug|Any CPU = Debug|Any CPU
		Release|Any CPU = Release|Any CPU
	EndGlobalSection
	GlobalSection(ProjectConfigurationPlatforms) = postSolution
		{26421BA9-0F3E-44BD-AC98-443B1127B4C8}.Debug|Any CPU.ActiveCfg = Debug|Any CPU
		{26421BA9-0F3E-44BD-AC98-443B1127B4C8}.Debug|Any CPU.Build.0 = Debug|Any CPU
		{26421BA9-0F3E-44BD-AC98-443B1127B4C8}.Release|Any CPU.ActiveCfg = Release|Any CPU
		{26421BA9-0F3E-44BD-AC98-443B1127B4C8}.Release|Any CPU.Build.0 = Release|Any CPU
		{1E4A1EC0-7C1A-4CE4-8D19-85290628464B}.Debug|Any CPU.ActiveCfg = Debug|Any CPU
		{1E4A1EC0-7C1A-4CE4-8D19-85290628464B}.Debug|Any CPU.Build.0 = Debug|Any CPU
		{1E4A1EC0-7C1A-4CE4-8D19-85290628464B}.Release|Any CPU.ActiveCfg = Release|Any CPU
		{1E4A1EC0-7C1A-4CE4-8D19-85290628464B}.Release|Any CPU.Build.0 = Release|Any CPU
		{04C8E638-53CB-46D8-92C5-9384A06EB158}.Debug|Any CPU.ActiveCfg = Debug|Any CPU
		{04C8E638-53CB-46D8-92C5-9384A06EB158}.Debug|Any CPU.Build.0 = Debug|Any CPU
		{04C8E638-53CB-46D8-92C5-9384A06EB158}.Release|Any CPU.ActiveCfg = Release|Any CPU
		{04C8E638-53CB-46D8-92C5-9384A06EB158}.Release|Any CPU.Build.0 = Release|Any CPU
		{43588A43-ABBC-4DD0-A3A5-F04325293218}.Debug|Any CPU.ActiveCfg = Debug|Any CPU
		{43588A43-ABBC-4DD0-A3A5-F04325293218}.Debug|Any CPU.Build.0 = Debug|Any CPU
		{43588A43-ABBC-4DD0-A3A5-F04325293218}.Release|Any CPU.ActiveCfg = Release|Any CPU
		{43588A43-ABBC-4DD0-A3A5-F04325293218}.Release|Any CPU.Build.0 = Release|Any CPU
	EndGlobalSection
	GlobalSection(SolutionProperties) = preSolution
		HideSolutionNode = FALSE
	EndGlobalSection
	GlobalSection(ExtensibilityGlobals) = postSolution
		SolutionGuid = {7B22B0DB-6501-44CF-8B2A-32FACB01134C}
	EndGlobalSection
EndGlobal
